
Microsoft Visual Studio Solution File, Format Version 12.00
# Visual Studio 15
VisualStudioVersion = 15.0.26730.16
MinimumVisualStudioVersion = 10.0.40219.1
Project("{FAE04EC0-301F-11D3-BF4B-00C04F79EFBC}") = "WpfApp1", "WpfApp1\WpfApp1.csproj", "{6BE16CB8-D770-4E6D-9C01-2B9E7098C348}"
EndProject
Global
	GlobalSection(SolutionConfigurationPlatforms) = preSolution
		Debug|Any CPU = Debug|Any CPU
		Release|Any CPU = Release|Any CPU
	EndGlobalSection
	GlobalSection(ProjectConfigurationPlatforms) = postSolution
		{6BE16CB8-D770-4E6D-9C01-2B9E7098C348}.Debug|Any CPU.ActiveCfg = Debug|Any CPU
		{6BE16CB8-D770-4E6D-9C01-2B9E7098C348}.Debug|Any CPU.Build.0 = Debug|Any CPU
		{6BE16CB8-D770-4E6D-9C01-2B9E7098C348}.Release|Any CPU.ActiveCfg = Release|Any CPU
		{6BE16CB8-D770-4E6D-9C01-2B9E7098C348}.Release|Any CPU.Build.0 = Release|Any CPU
	EndGlobalSection
	GlobalSection(SolutionProperties) = preSolution
		HideSolutionNode = FALSE
	EndGlobalSection
	GlobalSection(ExtensibilityGlobals) = postSolution
		SolutionGuid = {BF6B3104-434C-4A87-AD80-7F74DEC99F9A}
	EndGlobalSection
EndGlobal
